
Microsoft Visual Studio Solution File, Format Version 12.00
# Visual Studio Version 17
VisualStudioVersion = 17.8.0.0
MinimumVisualStudioVersion = 17.8.0.0
Project("{2150E333-8FDC-42A3-9474-1A3956D46DE8}") = "src", "src", "{827E0CD3-B72D-47B6-A68D-7590B98EB39B}"
EndProject
Project("{2150E333-8FDC-42A3-9474-1A3956D46DE8}") = "Core", "Core", "{8D626EA8-CB54-BC41-363A-217881BEBA6E}"
EndProject
Project("{FAE04EC0-301F-11D3-BF4B-00C04F79EFBC}") = "PokManager.Domain", "src\Core\PokManager.Domain\PokManager.Domain.csproj", "{213F04BD-DE0E-4502-8249-BB4C00E83CE7}"
EndProject
Project("{FAE04EC0-301F-11D3-BF4B-00C04F79EFBC}") = "PokManager.Application", "src\Core\PokManager.Application\PokManager.Application.csproj", "{E6C0BB92-918E-4934-9B90-B0893A788550}"
EndProject
Project("{2150E333-8FDC-42A3-9474-1A3956D46DE8}") = "Infrastructure", "Infrastructure", "{9048EB7F-3875-A59E-E36B-5BD4C6F2A282}"
EndProject
Project("{FAE04EC0-301F-11D3-BF4B-00C04F79EFBC}") = "PokManager.Infrastructure", "src\Infrastructure\PokManager.Infrastructure\PokManager.Infrastructure.csproj", "{D999D30C-6AB6-48D7-BFDD-8A1058592E70}"
EndProject
Project("{FAE04EC0-301F-11D3-BF4B-00C04F79EFBC}") = "PokManager.Infrastructure.PokManager", "src\Infrastructure\PokManager.Infrastructure.PokManager\PokManager.Infrastructure.PokManager.csproj", "{5806E213-1D0B-425E-B41D-E4CBCD161202}"
EndProject
Project("{FAE04EC0-301F-11D3-BF4B-00C04F79EFBC}") = "PokManager.Infrastructure.Docker", "src\Infrastructure\PokManager.Infrastructure.Docker\PokManager.Infrastructure.Docker.csproj", "{FE69467D-B4D2-447A-A15E-FB70BE643A48}"
EndProject
Project("{2150E333-8FDC-42A3-9474-1A3956D46DE8}") = "Presentation", "Presentation", "{6996BBF7-DB31-59BC-C7DD-9A7CCC6138C4}"
EndProject
Project("{FAE04EC0-301F-11D3-BF4B-00C04F79EFBC}") = "PokManager.Web", "src\Presentation\PokManager.Web\PokManager.Web.csproj", "{04655218-C142-443D-8997-A7AF9653F03B}"
EndProject
Project("{FAE04EC0-301F-11D3-BF4B-00C04F79EFBC}") = "PokManager.ApiService", "src\Presentation\PokManager.ApiService\PokManager.ApiService.csproj", "{023C6902-ED6B-4D49-9B32-86CEC1319378}"
EndProject
Project("{2150E333-8FDC-42A3-9474-1A3956D46DE8}") = "Hosting", "Hosting", "{F489E2D5-C65D-9AA9-2B96-C7DF79630172}"
EndProject
Project("{FAE04EC0-301F-11D3-BF4B-00C04F79EFBC}") = "PokManager.AppHost", "src\Hosting\PokManager.AppHost\PokManager.AppHost.csproj", "{2406D898-665F-4AE7-A523-BE6BD08C6BA5}"
EndProject
Project("{FAE04EC0-301F-11D3-BF4B-00C04F79EFBC}") = "PokManager.ServiceDefaults", "src\Hosting\PokManager.ServiceDefaults\PokManager.ServiceDefaults.csproj", "{23A0BE5D-840B-406B-931D-53065C7EE806}"
EndProject
Project("{2150E333-8FDC-42A3-9474-1A3956D46DE8}") = "tests", "tests", "{0AB3BF05-4346-4AA6-1389-037BE0695223}"
EndProject
Project("{FAE04EC0-301F-11D3-BF4B-00C04F79EFBC}") = "PokManager.Domain.Tests", "tests\PokManager.Domain.Tests\PokManager.Domain.Tests.csproj", "{87E299D7-3F4D-4891-8217-CF0DC25AE3FF}"
EndProject
Project("{FAE04EC0-301F-11D3-BF4B-00C04F79EFBC}") = "PokManager.Application.Tests", "tests\PokManager.Application.Tests\PokManager.Application.Tests.csproj", "{366F4EC3-5E3A-45CA-A1A6-B2B898DA46B7}"
EndProject
Project("{FAE04EC0-301F-11D3-BF4B-00C04F79EFBC}") = "PokManager.Infrastructure.Tests", "tests\PokManager.Infrastructure.Tests\PokManager.Infrastructure.Tests.csproj", "{665F4F96-4DAC-4D35-BB7E-E1684594F7EE}"
EndProject
Project("{FAE04EC0-301F-11D3-BF4B-00C04F79EFBC}") = "PokManager.Web.Tests", "tests\PokManager.Web.Tests\PokManager.Web.Tests.csproj", "{3CD9C24A-BC21-4EBB-BDE9-1EED9421832E}"
EndProject
Project("{2150E333-8FDC-42A3-9474-1A3956D46DE8}") = "build", "build", "{DEE5DD87-39C1-BF34-B639-A387DCCF972B}"
EndProject
Project("{FAE04EC0-301F-11D3-BF4B-00C04F79EFBC}") = "_build", "build\_build.csproj", "{298AE82A-C95F-495B-8237-C2B09C6FAB90}"
EndProject
Global
	GlobalSection(SolutionConfigurationPlatforms) = preSolution
		Debug|Any CPU = Debug|Any CPU
		Debug|x64 = Debug|x64
		Debug|x86 = Debug|x86
		Release|Any CPU = Release|Any CPU
		Release|x64 = Release|x64
		Release|x86 = Release|x86
	EndGlobalSection
	GlobalSection(ProjectConfigurationPlatforms) = postSolution
		{213F04BD-DE0E-4502-8249-BB4C00E83CE7}.Debug|Any CPU.ActiveCfg = Debug|Any CPU
		{213F04BD-DE0E-4502-8249-BB4C00E83CE7}.Debug|Any CPU.Build.0 = Debug|Any CPU
		{213F04BD-DE0E-4502-8249-BB4C00E83CE7}.Debug|x64.ActiveCfg = Debug|Any CPU
		{213F04BD-DE0E-4502-8249-BB4C00E83CE7}.Debug|x64.Build.0 = Debug|Any CPU
		{213F04BD-DE0E-4502-8249-BB4C00E83CE7}.Debug|x86.ActiveCfg = Debug|Any CPU
		{213F04BD-DE0E-4502-8249-BB4C00E83CE7}.Debug|x86.Build.0 = Debug|Any CPU
		{213F04BD-DE0E-4502-8249-BB4C00E83CE7}.Release|Any CPU.ActiveCfg = Release|Any CPU
		{213F04BD-DE0E-4502-8249-BB4C00E83CE7}.Release|Any CPU.Build.0 = Release|Any CPU
		{213F04BD-DE0E-4502-8249-BB4C00E83CE7}.Release|x64.ActiveCfg = Release|Any CPU
		{213F04BD-DE0E-4502-8249-BB4C00E83CE7}.Release|x64.Build.0 = Release|Any CPU
		{213F04BD-DE0E-4502-8249-BB4C00E83CE7}.Release|x86.ActiveCfg = Release|Any CPU
		{213F04BD-DE0E-4502-8249-BB4C00E83CE7}.Release|x86.Build.0 = Release|Any CPU
		{E6C0BB92-918E-4934-9B90-B0893A788550}.Debug|Any CPU.ActiveCfg = Debug|Any CPU
		{E6C0BB92-918E-4934-9B90-B0893A788550}.Debug|Any CPU.Build.0 = Debug|Any CPU
		{E6C0BB92-918E-4934-9B90-B0893A788550}.Debug|x64.ActiveCfg = Debug|Any CPU
		{E6C0BB92-918E-4934-9B90-B0893A788550}.Debug|x64.Build.0 = Debug|Any CPU
		{E6C0BB92-918E-4934-9B90-B0893A788550}.Debug|x86.ActiveCfg = Debug|Any CPU
		{E6C0BB92-918E-4934-9B90-B0893A788550}.Debug|x86.Build.0 = Debug|Any CPU
		{E6C0BB92-918E-4934-9B90-B0893A788550}.Release|Any CPU.ActiveCfg = Release|Any CPU
		{E6C0BB92-918E-4934-9B90-B0893A788550}.Release|Any CPU.Build.0 = Release|Any CPU
		{E6C0BB92-918E-4934-9B90-B0893A788550}.Release|x64.ActiveCfg = Release|Any CPU
		{E6C0BB92-918E-4934-9B90-B0893A788550}.Release|x64.Build.0 = Release|Any CPU
		{E6C0BB92-918E-4934-9B90-B0893A788550}.Release|x86.ActiveCfg = Release|Any CPU
		{E6C0BB92-918E-4934-9B90-B0893A788550}.Release|x86.Build.0 = Release|Any CPU
		{D999D30C-6AB6-48D7-BFDD-8A1058592E70}.Debug|Any CPU.ActiveCfg = Debug|Any CPU
		{D999D30C-6AB6-48D7-BFDD-8A1058592E70}.Debug|Any CPU.Build.0 = Debug|Any CPU
		{D999D30C-6AB6-48D7-BFDD-8A1058592E70}.Debug|x64.ActiveCfg = Debug|Any CPU
		{D999D30C-6AB6-48D7-BFDD-8A1058592E70}.Debug|x64.Build.0 = Debug|Any CPU
		{D999D30C-6AB6-48D7-BFDD-8A1058592E70}.Debug|x86.ActiveCfg = Debug|Any CPU
		{D999D30C-6AB6-48D7-BFDD-8A1058592E70}.Debug|x86.Build.0 = Debug|Any CPU
		{D999D30C-6AB6-48D7-BFDD-8A1058592E70}.Release|Any CPU.ActiveCfg = Release|Any CPU
		{D999D30C-6AB6-48D7-BFDD-8A1058592E70}.Release|Any CPU.Build.0 = Release|Any CPU
		{D999D30C-6AB6-48D7-BFDD-8A1058592E70}.Release|x64.ActiveCfg = Release|Any CPU
		{D999D30C-6AB6-48D7-BFDD-8A1058592E70}.Release|x64.Build.0 = Release|Any CPU
		{D999D30C-6AB6-48D7-BFDD-8A1058592E70}.Release|x86.ActiveCfg = Release|Any CPU
		{D999D30C-6AB6-48D7-BFDD-8A1058592E70}.Release|x86.Build.0 = Release|Any CPU
		{5806E213-1D0B-425E-B41D-E4CBCD161202}.Debug|Any CPU.ActiveCfg = Debug|Any CPU
		{5806E213-1D0B-425E-B41D-E4CBCD161202}.Debug|Any CPU.Build.0 = Debug|Any CPU
		{5806E213-1D0B-425E-B41D-E4CBCD161202}.Debug|x64.ActiveCfg = Debug|Any CPU
		{5806E213-1D0B-425E-B41D-E4CBCD161202}.Debug|x64.Build.0 = Debug|Any CPU
		{5806E213-1D0B-425E-B41D-E4CBCD161202}.Debug|x86.ActiveCfg = Debug|Any CPU
		{5806E213-1D0B-425E-B41D-E4CBCD161202}.Debug|x86.Build.0 = Debug|Any CPU
		{5806E213-1D0B-425E-B41D-E4CBCD161202}.Release|Any CPU.ActiveCfg = Release|Any CPU
		{5806E213-1D0B-425E-B41D-E4CBCD161202}.Release|Any CPU.Build.0 = Release|Any CPU
		{5806E213-1D0B-425E-B41D-E4CBCD161202}.Release|x64.ActiveCfg = Release|Any CPU
		{5806E213-1D0B-425E-B41D-E4CBCD161202}.Release|x64.Build.0 = Release|Any CPU
		{5806E213-1D0B-425E-B41D-E4CBCD161202}.Release|x86.ActiveCfg = Release|Any CPU
		{5806E213-1D0B-425E-B41D-E4CBCD161202}.Release|x86.Build.0 = Release|Any CPU
		{FE69467D-B4D2-447A-A15E-FB70BE643A48}.Debug|Any CPU.ActiveCfg = Debug|Any CPU
		{FE69467D-B4D2-447A-A15E-FB70BE643A48}.Debug|Any CPU.Build.0 = Debug|Any CPU
		{FE69467D-B4D2-447A-A15E-FB70BE643A48}.Debug|x64.ActiveCfg = Debug|Any CPU
		{FE69467D-B4D2-447A-A15E-FB70BE643A48}.Debug|x64.Build.0 = Debug|Any CPU
		{FE69467D-B4D2-447A-A15E-FB70BE643A48}.Debug|x86.ActiveCfg = Debug|Any CPU
		{FE69467D-B4D2-447A-A15E-FB70BE643A48}.Debug|x86.Build.0 = Debug|Any CPU
		{FE69467D-B4D2-447A-A15E-FB70BE643A48}.Release|Any CPU.ActiveCfg = Release|Any CPU
		{FE69467D-B4D2-447A-A15E-FB70BE643A48}.Release|Any CPU.Build.0 = Release|Any CPU
		{FE69467D-B4D2-447A-A15E-FB70BE643A48}.Release|x64.ActiveCfg = Release|Any CPU
		{FE69467D-B4D2-447A-A15E-FB70BE643A48}.Release|x64.Build.0 = Release|Any CPU
		{FE69467D-B4D2-447A-A15E-FB70BE643A48}.Release|x86.ActiveCfg = Release|Any CPU
		{FE69467D-B4D2-447A-A15E-FB70BE643A48}.Release|x86.Build.0 = Release|Any CPU
		{04655218-C142-443D-8997-A7AF9653F03B}.Debug|Any CPU.ActiveCfg = Debug|Any CPU
		{04655218-C142-443D-8997-A7AF9653F03B}.Debug|Any CPU.Build.0 = Debug|Any CPU
		{04655218-C142-443D-8997-A7AF9653F03B}.Debug|x64.ActiveCfg = Debug|Any CPU
		{04655218-C142-443D-8997-A7AF9653F03B}.Debug|x64.Build.0 = Debug|Any CPU
		{04655218-C142-443D-8997-A7AF9653F03B}.Debug|x86.ActiveCfg = Debug|Any CPU
		{04655218-C142-443D-8997-A7AF9653F03B}.Debug|x86.Build.0 = Debug|Any CPU
		{04655218-C142-443D-8997-A7AF9653F03B}.Release|Any CPU.ActiveCfg = Release|Any CPU
		{04655218-C142-443D-8997-A7AF9653F03B}.Release|Any CPU.Build.0 = Release|Any CPU
		{04655218-C142-443D-8997-A7AF9653F03B}.Release|x64.ActiveCfg = Release|Any CPU
		{04655218-C142-443D-8997-A7AF9653F03B}.Release|x64.Build.0 = Release|Any CPU
		{04655218-C142-443D-8997-A7AF9653F03B}.Release|x86.ActiveCfg = Release|Any CPU
		{04655218-C142-443D-8997-A7AF9653F03B}.Release|x86.Build.0 = Release|Any CPU
		{023C6902-ED6B-4D49-9B32-86CEC1319378}.Debug|Any CPU.ActiveCfg = Debug|Any CPU
		{023C6902-ED6B-4D49-9B32-86CEC1319378}.Debug|Any CPU.Build.0 = Debug|Any CPU
		{023C6902-ED6B-4D49-9B32-86CEC1319378}.Debug|x64.ActiveCfg = Debug|Any CPU
		{023C6902-ED6B-4D49-9B32-86CEC1319378}.Debug|x64.Build.0 = Debug|Any CPU
		{023C6902-ED6B-4D49-9B32-86CEC1319378}.Debug|x86.ActiveCfg = Debug|Any CPU
		{023C6902-ED6B-4D49-9B32-86CEC1319378}.Debug|x86.Build.0 = Debug|Any CPU
		{023C6902-ED6B-4D49-9B32-86CEC1319378}.Release|Any CPU.ActiveCfg = Release|Any CPU
		{023C6902-ED6B-4D49-9B32-86CEC1319378}.Release|Any CPU.Build.0 = Release|Any CPU
		{023C6902-ED6B-4D49-9B32-86CEC1319378}.Release|x64.ActiveCfg = Release|Any CPU
		{023C6902-ED6B-4D49-9B32-86CEC1319378}.Release|x64.Build.0 = Release|Any CPU
		{023C6902-ED6B-4D49-9B32-86CEC1319378}.Release|x86.ActiveCfg = Release|Any CPU
		{023C6902-ED6B-4D49-9B32-86CEC1319378}.Release|x86.Build.0 = Release|Any CPU
		{2406D898-665F-4AE7-A523-BE6BD08C6BA5}.Debug|Any CPU.ActiveCfg = Debug|Any CPU
		{2406D898-665F-4AE7-A523-BE6BD08C6BA5}.Debug|Any CPU.Build.0 = Debug|Any CPU
		{2406D898-665F-4AE7-A523-BE6BD08C6BA5}.Debug|x64.ActiveCfg = Debug|Any CPU
		{2406D898-665F-4AE7-A523-BE6BD08C6BA5}.Debug|x64.Build.0 = Debug|Any CPU
		{2406D898-665F-4AE7-A523-BE6BD08C6BA5}.Debug|x86.ActiveCfg = Debug|Any CPU
		{2406D898-665F-4AE7-A523-BE6BD08C6BA5}.Debug|x86.Build.0 = Debug|Any CPU
		{2406D898-665F-4AE7-A523-BE6BD08C6BA5}.Release|Any CPU.ActiveCfg = Release|Any CPU
		{2406D898-665F-4AE7-A523-BE6BD08C6BA5}.Release|Any CPU.Build.0 = Release|Any CPU
		{2406D898-665F-4AE7-A523-BE6BD08C6BA5}.Release|x64.ActiveCfg = Release|Any CPU
		{2406D898-665F-4AE7-A523-BE6BD08C6BA5}.Release|x64.Build.0 = Release|Any CPU
		{2406D898-665F-4AE7-A523-BE6BD08C6BA5}.Release|x86.ActiveCfg = Release|Any CPU
		{2406D898-665F-4AE7-A523-BE6BD08C6BA5}.Release|x86.Build.0 = Release|Any CPU
		{23A0BE5D-840B-406B-931D-53065C7EE806}.Debug|Any CPU.ActiveCfg = Debug|Any CPU
		{23A0BE5D-840B-406B-931D-53065C7EE806}.Debug|Any CPU.Build.0 = Debug|Any CPU
		{23A0BE5D-840B-406B-931D-53065C7EE806}.Debug|x64.ActiveCfg = Debug|Any CPU
		{23A0BE5D-840B-406B-931D-53065C7EE806}.Debug|x64.Build.0 = Debug|Any CPU
		{23A0BE5D-840B-406B-931D-53065C7EE806}.Debug|x86.ActiveCfg = Debug|Any CPU
		{23A0BE5D-840B-406B-931D-53065C7EE806}.Debug|x86.Build.0 = Debug|Any CPU
		{23A0BE5D-840B-406B-931D-53065C7EE806}.Release|Any CPU.ActiveCfg = Release|Any CPU
		{23A0BE5D-840B-406B-931D-53065C7EE806}.Release|Any CPU.Build.0 = Release|Any CPU
		{23A0BE5D-840B-406B-931D-53065C7EE806}.Release|x64.ActiveCfg = Release|Any CPU
		{23A0BE5D-840B-406B-931D-53065C7EE806}.Release|x64.Build.0 = Release|Any CPU
		{23A0BE5D-840B-406B-931D-53065C7EE806}.Release|x86.ActiveCfg = Release|Any CPU
		{23A0BE5D-840B-406B-931D-53065C7EE806}.Release|x86.Build.0 = Release|Any CPU
		{87E299D7-3F4D-4891-8217-CF0DC25AE3FF}.Debug|Any CPU.ActiveCfg = Debug|Any CPU
		{87E299D7-3F4D-4891-8217-CF0DC25AE3FF}.Debug|Any CPU.Build.0 = Debug|Any CPU
		{87E299D7-3F4D-4891-8217-CF0DC25AE3FF}.Debug|x64.ActiveCfg = Debug|Any CPU
		{87E299D7-3F4D-4891-8217-CF0DC25AE3FF}.Debug|x64.Build.0 = Debug|Any CPU
		{87E299D7-3F4D-4891-8217-CF0DC25AE3FF}.Debug|x86.ActiveCfg = Debug|Any CPU
		{87E299D7-3F4D-4891-8217-CF0DC25AE3FF}.Debug|x86.Build.0 = Debug|Any CPU
		{87E299D7-3F4D-4891-8217-CF0DC25AE3FF}.Release|Any CPU.ActiveCfg = Release|Any CPU
		{87E299D7-3F4D-4891-8217-CF0DC25AE3FF}.Release|Any CPU.Build.0 = Release|Any CPU
		{87E299D7-3F4D-4891-8217-CF0DC25AE3FF}.Release|x64.ActiveCfg = Release|Any CPU
		{87E299D7-3F4D-4891-8217-CF0DC25AE3FF}.Release|x64.Build.0 = Release|Any CPU
		{87E299D7-3F4D-4891-8217-CF0DC25AE3FF}.Release|x86.ActiveCfg = Release|Any CPU
		{87E299D7-3F4D-4891-8217-CF0DC25AE3FF}.Release|x86.Build.0 = Release|Any CPU
		{366F4EC3-5E3A-45CA-A1A6-B2B898DA46B7}.Debug|Any CPU.ActiveCfg = Debug|Any CPU
		{366F4EC3-5E3A-45CA-A1A6-B2B898DA46B7}.Debug|Any CPU.Build.0 = Debug|Any CPU
		{366F4EC3-5E3A-45CA-A1A6-B2B898DA46B7}.Debug|x64.ActiveCfg = Debug|Any CPU
		{366F4EC3-5E3A-45CA-A1A6-B2B898DA46B7}.Debug|x64.Build.0 = Debug|Any CPU
		{366F4EC3-5E3A-45CA-A1A6-B2B898DA46B7}.Debug|x86.ActiveCfg = Debug|Any CPU
		{366F4EC3-5E3A-45CA-A1A6-B2B898DA46B7}.Debug|x86.Build.0 = Debug|Any CPU
		{366F4EC3-5E3A-45CA-A1A6-B2B898DA46B7}.Release|Any CPU.ActiveCfg = Release|Any CPU
		{366F4EC3-5E3A-45CA-A1A6-B2B898DA46B7}.Release|Any CPU.Build.0 = Release|Any CPU
		{366F4EC3-5E3A-45CA-A1A6-B2B898DA46B7}.Release|x64.ActiveCfg = Release|Any CPU
		{366F4EC3-5E3A-45CA-A1A6-B2B898DA46B7}.Release|x64.Build.0 = Release|Any CPU
		{366F4EC3-5E3A-45CA-A1A6-B2B898DA46B7}.Release|x86.ActiveCfg = Release|Any CPU
		{366F4EC3-5E3A-45CA-A1A6-B2B898DA46B7}.Release|x86.Build.0 = Release|Any CPU
		{665F4F96-4DAC-4D35-BB7E-E1684594F7EE}.Debug|Any CPU.ActiveCfg = Debug|Any CPU
		{665F4F96-4DAC-4D35-BB7E-E1684594F7EE}.Debug|Any CPU.Build.0 = Debug|Any CPU
		{665F4F96-4DAC-4D35-BB7E-E1684594F7EE}.Debug|x64.ActiveCfg = Debug|Any CPU
		{665F4F96-4DAC-4D35-BB7E-E1684594F7EE}.Debug|x64.Build.0 = Debug|Any CPU
		{665F4F96-4DAC-4D35-BB7E-E1684594F7EE}.Debug|x86.ActiveCfg = Debug|Any CPU
		{665F4F96-4DAC-4D35-BB7E-E1684594F7EE}.Debug|x86.Build.0 = Debug|Any CPU
		{665F4F96-4DAC-4D35-BB7E-E1684594F7EE}.Release|Any CPU.ActiveCfg = Release|Any CPU
		{665F4F96-4DAC-4D35-BB7E-E1684594F7EE}.Release|Any CPU.Build.0 = Release|Any CPU
		{665F4F96-4DAC-4D35-BB7E-E1684594F7EE}.Release|x64.ActiveCfg = Release|Any CPU
		{665F4F96-4DAC-4D35-BB7E-E1684594F7EE}.Release|x64.Build.0 = Release|Any CPU
		{665F4F96-4DAC-4D35-BB7E-E1684594F7EE}.Release|x86.ActiveCfg = Release|Any CPU
		{665F4F96-4DAC-4D35-BB7E-E1684594F7EE}.Release|x86.Build.0 = Release|Any CPU
		{3CD9C24A-BC21-4EBB-BDE9-1EED9421832E}.Debug|Any CPU.ActiveCfg = Debug|Any CPU
		{3CD9C24A-BC21-4EBB-BDE9-1EED9421832E}.Debug|Any CPU.Build.0 = Debug|Any CPU
		{3CD9C24A-BC21-4EBB-BDE9-1EED9421832E}.Debug|x64.ActiveCfg = Debug|Any CPU
		{3CD9C24A-BC21-4EBB-BDE9-1EED9421832E}.Debug|x64.Build.0 = Debug|Any CPU
		{3CD9C24A-BC21-4EBB-BDE9-1EED9421832E}.Debug|x86.ActiveCfg = Debug|Any CPU
		{3CD9C24A-BC21-4EBB-BDE9-1EED9421832E}.Debug|x86.Build.0 = Debug|Any CPU
		{3CD9C24A-BC21-4EBB-BDE9-1EED9421832E}.Release|Any CPU.ActiveCfg = Release|Any CPU
		{3CD9C24A-BC21-4EBB-BDE9-1EED9421832E}.Release|Any CPU.Build.0 = Release|Any CPU
		{3CD9C24A-BC21-4EBB-BDE9-1EED9421832E}.Release|x64.ActiveCfg = Release|Any CPU
		{3CD9C24A-BC21-4EBB-BDE9-1EED9421832E}.Release|x64.Build.0 = Release|Any CPU
		{3CD9C24A-BC21-4EBB-BDE9-1EED9421832E}.Release|x86.ActiveCfg = Release|Any CPU
		{3CD9C24A-BC21-4EBB-BDE9-1EED9421832E}.Release|x86.Build.0 = Release|Any CPU
		{298AE82A-C95F-495B-8237-C2B09C6FAB90}.Debug|Any CPU.ActiveCfg = Debug|Any CPU
		{298AE82A-C95F-495B-8237-C2B09C6FAB90}.Debug|Any CPU.Build.0 = Debug|Any CPU
		{298AE82A-C95F-495B-8237-C2B09C6FAB90}.Debug|x64.ActiveCfg = Debug|Any CPU
		{298AE82A-C95F-495B-8237-C2B09C6FAB90}.Debug|x64.Build.0 = Debug|Any CPU
		{298AE82A-C95F-495B-8237-C2B09C6FAB90}.Debug|x86.ActiveCfg = Debug|Any CPU
		{298AE82A-C95F-495B-8237-C2B09C6FAB90}.Debug|x86.Build.0 = Debug|Any CPU
		{298AE82A-C95F-495B-8237-C2B09C6FAB90}.Release|Any CPU.ActiveCfg = Release|Any CPU
		{298AE82A-C95F-495B-8237-C2B09C6FAB90}.Release|Any CPU.Build.0 = Release|Any CPU
		{298AE82A-C95F-495B-8237-C2B09C6FAB90}.Release|x64.ActiveCfg = Release|Any CPU
		{298AE82A-C95F-495B-8237-C2B09C6FAB90}.Release|x64.Build.0 = Release|Any CPU
		{298AE82A-C95F-495B-8237-C2B09C6FAB90}.Release|x86.ActiveCfg = Release|Any CPU
		{298AE82A-C95F-495B-8237-C2B09C6FAB90}.Release|x86.Build.0 = Release|Any CPU
	EndGlobalSection
	GlobalSection(SolutionProperties) = preSolution
		HideSolutionNode = FALSE
	EndGlobalSection
	GlobalSection(NestedProjects) = preSolution
		{8D626EA8-CB54-BC41-363A-217881BEBA6E} = {827E0CD3-B72D-47B6-A68D-7590B98EB39B}
		{213F04BD-DE0E-4502-8249-BB4C00E83CE7} = {8D626EA8-CB54-BC41-363A-217881BEBA6E}
		{E6C0BB92-918E-4934-9B90-B0893A788550} = {8D626EA8-CB54-BC41-363A-217881BEBA6E}
		{9048EB7F-3875-A59E-E36B-5BD4C6F2A282} = {827E0CD3-B72D-47B6-A68D-7590B98EB39B}
		{D999D30C-6AB6-48D7-BFDD-8A1058592E70} = {9048EB7F-3875-A59E-E36B-5BD4C6F2A282}
		{5806E213-1D0B-425E-B41D-E4CBCD161202} = {9048EB7F-3875-A59E-E36B-5BD4C6F2A282}
		{FE69467D-B4D2-447A-A15E-FB70BE643A48} = {9048EB7F-3875-A59E-E36B-5BD4C6F2A282}
		{6996BBF7-DB31-59BC-C7DD-9A7CCC6138C4} = {827E0CD3-B72D-47B6-A68D-7590B98EB39B}
		{04655218-C142-443D-8997-A7AF9653F03B} = {6996BBF7-DB31-59BC-C7DD-9A7CCC6138C4}
		{023C6902-ED6B-4D49-9B32-86CEC1319378} = {6996BBF7-DB31-59BC-C7DD-9A7CCC6138C4}
		{F489E2D5-C65D-9AA9-2B96-C7DF79630172} = {827E0CD3-B72D-47B6-A68D-7590B98EB39B}
		{2406D898-665F-4AE7-A523-BE6BD08C6BA5} = {F489E2D5-C65D-9AA9-2B96-C7DF79630172}
		{23A0BE5D-840B-406B-931D-53065C7EE806} = {F489E2D5-C65D-9AA9-2B96-C7DF79630172}
		{87E299D7-3F4D-4891-8217-CF0DC25AE3FF} = {0AB3BF05-4346-4AA6-1389-037BE0695223}
		{366F4EC3-5E3A-45CA-A1A6-B2B898DA46B7} = {0AB3BF05-4346-4AA6-1389-037BE0695223}
		{665F4F96-4DAC-4D35-BB7E-E1684594F7EE} = {0AB3BF05-4346-4AA6-1389-037BE0695223}
		{3CD9C24A-BC21-4EBB-BDE9-1EED9421832E} = {0AB3BF05-4346-4AA6-1389-037BE0695223}
		{298AE82A-C95F-495B-8237-C2B09C6FAB90} = {DEE5DD87-39C1-BF34-B639-A387DCCF972B}
	EndGlobalSection
	GlobalSection(ExtensibilityGlobals) = postSolution
		SolutionGuid = {2AF5CB08-9335-4681-A194-E4770DE6A125}
	EndGlobalSection
EndGlobal
